<?xml version="1.0" encoding="utf-8"?>
<Project ToolsVersion="4.0" xmlns="http://schemas.microsoft.com/developer/msbuild/2003">
  <ItemGroup>
    <Filter Include="Form Files">
      <UniqueIdentifier>{99349809-55BA-4b9d-BF79-8FDBB0286EB3}</UniqueIdentifier>
      <Extensions>ui</Extensions>
      <ParseFiles>false</ParseFiles>
    </Filter>
    <Filter Include="Form Files">
      <UniqueIdentifier>{99349809-55BA-4b9d-BF79-8FDBB0286EB3}</UniqueIdentifier>
      <Extensions>ui</Extensions>
      <ParseFiles>false</ParseFiles>
    </Filter>
    <Filter Include="Generated Files">
      <UniqueIdentifier>{71ED8ED8-ACB9-4CE9-BBE1-E00B30144E11}</UniqueIdentifier>
      <Extensions>cpp;c;cxx;moc;h;def;odl;idl;res;</Extensions>
    </Filter>
    <Filter Include="Generated Files">
      <UniqueIdentifier>{71ED8ED8-ACB9-4CE9-BBE1-E00B30144E11}</UniqueIdentifier>
      <Extensions>cpp;c;cxx;moc;h;def;odl;idl;res;</Extensions>
    </Filter>
    <Filter Include="Header Files">
      <UniqueIdentifier>{93995380-89BD-4b04-88EB-625FBE52EBFB}</UniqueIdentifier>
      <Extensions>h;hpp;hxx;hm;inl;inc;xsd</Extensions>
    </Filter>
    <Filter Include="Header Files">
      <UniqueIdentifier>{93995380-89BD-4b04-88EB-625FBE52EBFB}</UniqueIdentifier>
      <Extensions>h;hpp;hxx;hm;inl;inc;xsd</Extensions>
    </Filter>
    <Filter Include="Resource Files">
      <UniqueIdentifier>{D9D6E242-F8AF-46E4-B9FD-80ECBC20BA3E}</UniqueIdentifier>
      <Extensions>qrc;*</Extensions>
      <ParseFiles>false</ParseFiles>
    </Filter>
    <Filter Include="Resource Files">
      <UniqueIdentifier>{D9D6E242-F8AF-46E4-B9FD-80ECBC20BA3E}</UniqueIdentifier>
      <Extensions>qrc;*</Extensions>
      <ParseFiles>false</ParseFiles>
    </Filter>
    <Filter Include="Source Files">
      <UniqueIdentifier>{4FC737F1-C7A5-4376-A066-2A32D752A2FF}</UniqueIdentifier>
      <Extensions>cpp;c;cxx;def;odl;idl;hpj;bat;asm;asmx</Extensions>
    </Filter>
    <Filter Include="Source Files">
      <UniqueIdentifier>{4FC737F1-C7A5-4376-A066-2A32D752A2FF}</UniqueIdentifier>
      <Extensions>cpp;c;cxx;def;odl;idl;hpj;bat;asm;asmx</Extensions>
    </Filter>
  </ItemGroup>
  <ItemGroup>
    <ClCompile Include="src\AXBaseWindow.cpp">
      <Filter>Source Files</Filter>
    </ClCompile>
    <ClCompile Include="src\CXChannelEdit.cpp">
      <Filter>Source Files</Filter>
    </ClCompile>
    <ClCompile Include="src\CXCompileEdit.cpp">
      <Filter>Source Files</Filter>
    </ClCompile>
    <ClCompile Include="src\CXDeviceEdit.cpp">
      <Filter>Source Files</Filter>
    </ClCompile>
    <ClCompile Include="src\CXDeviceView.cpp">
      <Filter>Source Files</Filter>
    </ClCompile>
    <ClCompile Include="src\CXEditPathFile.cpp">
      <Filter>Source Files</Filter>
    </ClCompile>
    <ClCompile Include="src\CXExitDialog.cpp">
      <Filter>Source Files</Filter>
    </ClCompile>
    <ClCompile Include="src\CXFilesList.cpp">
      <Filter>Source Files</Filter>
    </ClCompile>
    <ClCompile Include="src\CXFtp.cpp">
      <Filter>Source Files</Filter>
    </ClCompile>
    <ClCompile Include="src\CXGroupPanel.cpp">
      <Filter>Source Files</Filter>
    </ClCompile>
    <ClCompile Include="src\CXIniFileEditor.cpp">
      <Filter>Source Files</Filter>
    </ClCompile>
    <ClCompile Include="src\CXIniFileList.cpp">
      <Filter>Source Files</Filter>
    </ClCompile>
    <ClCompile Include="src\CXOperDirectionDialog.cpp">
      <Filter>Source Files</Filter>
    </ClCompile>
    <ClCompile Include="src\CXOperDirectionView.cpp">
      <Filter>Source Files</Filter>
    </ClCompile>
    <ClCompile Include="src\CXOperDirectionWindow.cpp">
      <Filter>Source Files</Filter>
    </ClCompile>
    <ClCompile Include="src\CXOperTechnology.cpp">
      <Filter>Source Files</Filter>
    </ClCompile>
    <ClCompile Include="src\CXOperVelocityView.cpp">
      <Filter>Source Files</Filter>
    </ClCompile>
    <ClCompile Include="src\CXParameterData.cpp">
      <Filter>Source Files</Filter>
    </ClCompile>
    <ClCompile Include="src\CXParametersView.cpp">
      <Filter>Source Files</Filter>
    </ClCompile>
    <ClCompile Include="src\CXParametersWindow.cpp">
      <Filter>Source Files</Filter>
    </ClCompile>
    <ClCompile Include="src\CXPathView.cpp">
      <Filter>Source Files</Filter>
    </ClCompile>
    <ClCompile Include="src\CXPathWindow.cpp">
      <Filter>Source Files</Filter>
    </ClCompile>
    <ClCompile Include="src\CXProcess.cpp">
      <Filter>Source Files</Filter>
    </ClCompile>
    <ClCompile Include="src\CXProcessingParametersWindow.cpp">
      <Filter>Source Files</Filter>
    </ClCompile>
    <ClCompile Include="src\CXSettingsXML.cpp">
      <Filter>Source Files</Filter>
    </ClCompile>
    <ClCompile Include="src\CXSyntaxHighlighter.cpp">
      <Filter>Source Files</Filter>
    </ClCompile>
    <ClCompile Include="src\CXTextParameters.cpp">
      <Filter>Source Files</Filter>
    </ClCompile>
    <ClCompile Include="src\CXTitleWindow.cpp">
      <Filter>Source Files</Filter>
    </ClCompile>
    <ClCompile Include="src\CXTouchButton.cpp">
      <Filter>Source Files</Filter>
    </ClCompile>
    <ClCompile Include="src\CXTurnDialog.cpp">
      <Filter>Source Files</Filter>
    </ClCompile>
    <ClCompile Include="src\CXUdpManager.cpp">
      <Filter>Source Files</Filter>
    </ClCompile>
    <ClCompile Include="src\CXUtilsWindow.cpp">
      <Filter>Source Files</Filter>
    </ClCompile>
    <ClCompile Include="src\CXVirtualKeyboard.cpp">
      <Filter>Source Files</Filter>
    </ClCompile>
    <ClCompile Include="src\CXWindowsManager.cpp">
      <Filter>Source Files</Filter>
    </ClCompile>
    <ClCompile Include="src\flowlayout.cpp">
      <Filter>Source Files</Filter>
    </ClCompile>
    <ClCompile Include="src\iniFile.cpp">
      <Filter>Source Files</Filter>
    </ClCompile>
    <ClCompile Include="src\main.cpp">
      <Filter>Source Files</Filter>
    </ClCompile>
  </ItemGroup>
  <ItemGroup>
    <CustomBuild Include="src\AXBaseWindow.h">
      <Filter>Header Files</Filter>
    </CustomBuild>
    <CustomBuild Include="src\CXChannelEdit.h">
      <Filter>Header Files</Filter>
    </CustomBuild>
    <CustomBuild Include="src\CXCompileEdit.h">
      <Filter>Header Files</Filter>
    </CustomBuild>
    <CustomBuild Include="src\CXDeviceEdit.h">
      <Filter>Header Files</Filter>
    </CustomBuild>
    <CustomBuild Include="src\CXDeviceView.h">
      <Filter>Header Files</Filter>
    </CustomBuild>
    <CustomBuild Include="src\CXEditPathFile.h">
      <Filter>Header Files</Filter>
    </CustomBuild>
    <CustomBuild Include="src\CXExitDialog.h">
      <Filter>Header Files</Filter>
    </CustomBuild>
    <CustomBuild Include="src\CXFilesList.h">
      <Filter>Header Files</Filter>
    </CustomBuild>
    <CustomBuild Include="src\CXFtp.h">
      <Filter>Header Files</Filter>
    </CustomBuild>
    <CustomBuild Include="src\CXGroupPanel.h">
      <Filter>Header Files</Filter>
    </CustomBuild>
    <CustomBuild Include="src\CXIniFileEditor.h">
      <Filter>Header Files</Filter>
    </CustomBuild>
    <CustomBuild Include="src\CXIniFileList.h">
      <Filter>Header Files</Filter>
    </CustomBuild>
    <CustomBuild Include="src\CXOperDirectionDialog.h">
      <Filter>Header Files</Filter>
    </CustomBuild>
    <CustomBuild Include="src\CXOperDirectionView.h">
      <Filter>Header Files</Filter>
    </CustomBuild>
    <CustomBuild Include="src\CXOperDirectionWindow.h">
      <Filter>Header Files</Filter>
    </CustomBuild>
    <CustomBuild Include="src\CXOperTechnology.h">
      <Filter>Header Files</Filter>
    </CustomBuild>
    <CustomBuild Include="src\CXOperVelocityView.h">
      <Filter>Header Files</Filter>
    </CustomBuild>
    <ClInclude Include="src\CXParameterData.h">
      <Filter>Header Files</Filter>
    </ClInclude>
    <CustomBuild Include="src\CXParametersView.h">
      <Filter>Header Files</Filter>
    </CustomBuild>
    <CustomBuild Include="src\CXParametersWindow.h">
      <Filter>Header Files</Filter>
    </CustomBuild>
    <CustomBuild Include="src\CXPathView.h">
      <Filter>Header Files</Filter>
    </CustomBuild>
    <CustomBuild Include="src\CXPathWindow.h">
      <Filter>Header Files</Filter>
    </CustomBuild>
    <ClInclude Include="src\CXProcess.h">
      <Filter>Header Files</Filter>
    </ClInclude>
    <CustomBuild Include="src\CXProcessingParametersWindow.h">
      <Filter>Header Files</Filter>
    </CustomBuild>
    <ClInclude Include="src\CXSettingsXML.h">
      <Filter>Header Files</Filter>
    </ClInclude>
    <ClInclude Include="src\CXSyntaxHighlighter.h">
      <Filter>Header Files</Filter>
    </ClInclude>
    <CustomBuild Include="src\CXTextParameters.h">
      <Filter>Header Files</Filter>
    </CustomBuild>
    <CustomBuild Include="src\CXTitleWindow.h">
      <Filter>Header Files</Filter>
    </CustomBuild>
    <CustomBuild Include="src\CXTouchButton.h">
      <Filter>Header Files</Filter>
    </CustomBuild>
    <CustomBuild Include="src\CXTurnDialog.h">
      <Filter>Header Files</Filter>
    </CustomBuild>
    <CustomBuild Include="src\CXUdpManager.h">
      <Filter>Header Files</Filter>
    </CustomBuild>
    <CustomBuild Include="src\CXUtilsWindow.h">
      <Filter>Header Files</Filter>
    </CustomBuild>
    <CustomBuild Include="src\CXVirtualKeyboard.h">
      <Filter>Header Files</Filter>
    </CustomBuild>
    <CustomBuild Include="src\CXWindowsManager.h">
      <Filter>Header Files</Filter>
    </CustomBuild>
    <ClInclude Include="src\SXChannelData.h">
      <Filter>Header Files</Filter>
    </ClInclude>
    <ClInclude Include="src\flowlayout.h">
      <Filter>Header Files</Filter>
    </ClInclude>
    <ClInclude Include="src\iniFile.h">
      <Filter>Header Files</Filter>
    </ClInclude>
  </ItemGroup>
  <ItemGroup>
    <ClCompile Include="debug\moc_AXBaseWindow.cpp">
      <Filter>Generated Files</Filter>
    </ClCompile>
    <ClCompile Include="release\moc_AXBaseWindow.cpp">
      <Filter>Generated Files</Filter>
    </ClCompile>
    <ClCompile Include="debug\moc_CXChannelEdit.cpp">
      <Filter>Generated Files</Filter>
    </ClCompile>
    <ClCompile Include="release\moc_CXChannelEdit.cpp">
      <Filter>Generated Files</Filter>
    </ClCompile>
    <ClCompile Include="debug\moc_CXCompileEdit.cpp">
      <Filter>Generated Files</Filter>
    </ClCompile>
    <ClCompile Include="release\moc_CXCompileEdit.cpp">
      <Filter>Generated Files</Filter>
    </ClCompile>
    <ClCompile Include="debug\moc_CXDeviceEdit.cpp">
      <Filter>Generated Files</Filter>
    </ClCompile>
    <ClCompile Include="release\moc_CXDeviceEdit.cpp">
      <Filter>Generated Files</Filter>
    </ClCompile>
    <ClCompile Include="debug\moc_CXDeviceView.cpp">
      <Filter>Generated Files</Filter>
    </ClCompile>
    <ClCompile Include="release\moc_CXDeviceView.cpp">
      <Filter>Generated Files</Filter>
    </ClCompile>
    <ClCompile Include="debug\moc_CXEditPathFile.cpp">
      <Filter>Generated Files</Filter>
    </ClCompile>
    <ClCompile Include="release\moc_CXEditPathFile.cpp">
      <Filter>Generated Files</Filter>
    </ClCompile>
    <ClCompile Include="debug\moc_CXExitDialog.cpp">
      <Filter>Generated Files</Filter>
    </ClCompile>
    <ClCompile Include="release\moc_CXExitDialog.cpp">
      <Filter>Generated Files</Filter>
    </ClCompile>
    <ClCompile Include="debug\moc_CXFilesList.cpp">
      <Filter>Generated Files</Filter>
    </ClCompile>
    <ClCompile Include="release\moc_CXFilesList.cpp">
      <Filter>Generated Files</Filter>
    </ClCompile>
    <ClCompile Include="debug\moc_CXFtp.cpp">
      <Filter>Generated Files</Filter>
    </ClCompile>
    <ClCompile Include="release\moc_CXFtp.cpp">
      <Filter>Generated Files</Filter>
    </ClCompile>
    <ClCompile Include="debug\moc_CXGroupPanel.cpp">
      <Filter>Generated Files</Filter>
    </ClCompile>
    <ClCompile Include="release\moc_CXGroupPanel.cpp">
      <Filter>Generated Files</Filter>
    </ClCompile>
    <ClCompile Include="debug\moc_CXIniFileEditor.cpp">
      <Filter>Generated Files</Filter>
    </ClCompile>
    <ClCompile Include="release\moc_CXIniFileEditor.cpp">
      <Filter>Generated Files</Filter>
    </ClCompile>
    <ClCompile Include="debug\moc_CXIniFileList.cpp">
      <Filter>Generated Files</Filter>
    </ClCompile>
    <ClCompile Include="release\moc_CXIniFileList.cpp">
      <Filter>Generated Files</Filter>
    </ClCompile>
    <ClCompile Include="debug\moc_CXOperDirectionDialog.cpp">
      <Filter>Generated Files</Filter>
    </ClCompile>
    <ClCompile Include="release\moc_CXOperDirectionDialog.cpp">
      <Filter>Generated Files</Filter>
    </ClCompile>
    <ClCompile Include="debug\moc_CXOperDirectionView.cpp">
      <Filter>Generated Files</Filter>
    </ClCompile>
    <ClCompile Include="release\moc_CXOperDirectionView.cpp">
      <Filter>Generated Files</Filter>
    </ClCompile>
    <ClCompile Include="debug\moc_CXOperDirectionWindow.cpp">
      <Filter>Generated Files</Filter>
    </ClCompile>
    <ClCompile Include="release\moc_CXOperDirectionWindow.cpp">
      <Filter>Generated Files</Filter>
    </ClCompile>
    <ClCompile Include="debug\moc_CXOperTechnology.cpp">
      <Filter>Generated Files</Filter>
    </ClCompile>
    <ClCompile Include="release\moc_CXOperTechnology.cpp">
      <Filter>Generated Files</Filter>
    </ClCompile>
    <ClCompile Include="debug\moc_CXOperVelocityView.cpp">
      <Filter>Generated Files</Filter>
    </ClCompile>
    <ClCompile Include="release\moc_CXOperVelocityView.cpp">
      <Filter>Generated Files</Filter>
    </ClCompile>
    <ClCompile Include="debug\moc_CXParametersView.cpp">
      <Filter>Generated Files</Filter>
    </ClCompile>
    <ClCompile Include="release\moc_CXParametersView.cpp">
      <Filter>Generated Files</Filter>
    </ClCompile>
    <ClCompile Include="debug\moc_CXParametersWindow.cpp">
      <Filter>Generated Files</Filter>
    </ClCompile>
    <ClCompile Include="release\moc_CXParametersWindow.cpp">
      <Filter>Generated Files</Filter>
    </ClCompile>
    <ClCompile Include="debug\moc_CXPathView.cpp">
      <Filter>Generated Files</Filter>
    </ClCompile>
    <ClCompile Include="release\moc_CXPathView.cpp">
      <Filter>Generated Files</Filter>
    </ClCompile>
    <ClCompile Include="debug\moc_CXPathWindow.cpp">
      <Filter>Generated Files</Filter>
    </ClCompile>
    <ClCompile Include="release\moc_CXPathWindow.cpp">
      <Filter>Generated Files</Filter>
    </ClCompile>
    <ClCompile Include="debug\moc_CXProcessingParametersWindow.cpp">
      <Filter>Generated Files</Filter>
    </ClCompile>
    <ClCompile Include="release\moc_CXProcessingParametersWindow.cpp">
      <Filter>Generated Files</Filter>
    </ClCompile>
    <ClCompile Include="debug\moc_CXTextParameters.cpp">
      <Filter>Generated Files</Filter>
    </ClCompile>
    <ClCompile Include="release\moc_CXTextParameters.cpp">
      <Filter>Generated Files</Filter>
    </ClCompile>
    <ClCompile Include="debug\moc_CXTitleWindow.cpp">
      <Filter>Generated Files</Filter>
    </ClCompile>
    <ClCompile Include="release\moc_CXTitleWindow.cpp">
      <Filter>Generated Files</Filter>
    </ClCompile>
    <ClCompile Include="debug\moc_CXTouchButton.cpp">
      <Filter>Generated Files</Filter>
    </ClCompile>
    <ClCompile Include="release\moc_CXTouchButton.cpp">
      <Filter>Generated Files</Filter>
    </ClCompile>
    <ClCompile Include="debug\moc_CXTurnDialog.cpp">
      <Filter>Generated Files</Filter>
    </ClCompile>
    <ClCompile Include="release\moc_CXTurnDialog.cpp">
      <Filter>Generated Files</Filter>
    </ClCompile>
    <ClCompile Include="debug\moc_CXUdpManager.cpp">
      <Filter>Generated Files</Filter>
    </ClCompile>
    <ClCompile Include="release\moc_CXUdpManager.cpp">
      <Filter>Generated Files</Filter>
    </ClCompile>
    <ClCompile Include="debug\moc_CXUtilsWindow.cpp">
      <Filter>Generated Files</Filter>
    </ClCompile>
    <ClCompile Include="release\moc_CXUtilsWindow.cpp">
      <Filter>Generated Files</Filter>
    </ClCompile>
    <ClCompile Include="debug\moc_CXVirtualKeyboard.cpp">
      <Filter>Generated Files</Filter>
    </ClCompile>
    <ClCompile Include="release\moc_CXVirtualKeyboard.cpp">
      <Filter>Generated Files</Filter>
    </ClCompile>
    <ClCompile Include="debug\moc_CXWindowsManager.cpp">
      <Filter>Generated Files</Filter>
    </ClCompile>
    <ClCompile Include="release\moc_CXWindowsManager.cpp">
      <Filter>Generated Files</Filter>
    </ClCompile>
    <ClCompile Include="debug\qrc_resource.cpp">
      <Filter>Generated Files</Filter>
    </ClCompile>
    <ClCompile Include="release\qrc_resource.cpp">
      <Filter>Generated Files</Filter>
    </ClCompile>
    <ClInclude Include="GeneratedFiles\ui_CXChannelEdit.h">
      <Filter>Generated Files</Filter>
    </ClInclude>
    <ClInclude Include="GeneratedFiles\ui_CXDeviceView.h">
      <Filter>Generated Files</Filter>
    </ClInclude>
    <ClInclude Include="GeneratedFiles\ui_CXEditPathFile.h">
      <Filter>Generated Files</Filter>
    </ClInclude>
    <ClInclude Include="GeneratedFiles\ui_CXExitDialog.h">
      <Filter>Generated Files</Filter>
    </ClInclude>
    <ClInclude Include="GeneratedFiles\ui_CXFilesList.h">
      <Filter>Generated Files</Filter>
    </ClInclude>
    <ClInclude Include="GeneratedFiles\ui_CXIniFileEditor.h">
      <Filter>Generated Files</Filter>
    </ClInclude>
    <ClInclude Include="GeneratedFiles\ui_CXIniFileList.h">
      <Filter>Generated Files</Filter>
    </ClInclude>
    <ClInclude Include="GeneratedFiles\ui_CXOperDirectionDialog.h">
      <Filter>Generated Files</Filter>
    </ClInclude>
    <ClInclude Include="GeneratedFiles\ui_CXOperTechnology.h">
      <Filter>Generated Files</Filter>
    </ClInclude>
    <ClInclude Include="GeneratedFiles\ui_CXProcessingParametersWindow.h">
      <Filter>Generated Files</Filter>
    </ClInclude>
    <ClInclude Include="GeneratedFiles\ui_CXTurnDialog.h">
      <Filter>Generated Files</Filter>
    </ClInclude>
    <ClInclude Include="GeneratedFiles\ui_CXVirtualKeyboard.h">
      <Filter>Generated Files</Filter>
    </ClInclude>
  </ItemGroup>
  <ItemGroup>
    <CustomBuild Include="src\CXChannelEdit.ui">
      <Filter>Form Files</Filter>
    </CustomBuild>
    <CustomBuild Include="src\CXDeviceView.ui">
      <Filter>Form Files</Filter>
    </CustomBuild>
    <CustomBuild Include="src\CXEditPathFile.ui">
      <Filter>Form Files</Filter>
    </CustomBuild>
    <CustomBuild Include="src\CXExitDialog.ui">
      <Filter>Form Files</Filter>
    </CustomBuild>
    <CustomBuild Include="src\CXFilesList.ui">
      <Filter>Form Files</Filter>
    </CustomBuild>
    <CustomBuild Include="src\CXIniFileEditor.ui">
      <Filter>Form Files</Filter>
    </CustomBuild>
    <CustomBuild Include="src\CXIniFileList.ui">
      <Filter>Form Files</Filter>
    </CustomBuild>
    <CustomBuild Include="src\CXOperDirectionDialog.ui">
      <Filter>Form Files</Filter>
    </CustomBuild>
    <CustomBuild Include="src\CXOperTechnology.ui">
      <Filter>Form Files</Filter>
    </CustomBuild>
    <CustomBuild Include="src\CXProcessingParametersWindow.ui">
      <Filter>Form Files</Filter>
    </CustomBuild>
    <CustomBuild Include="src\CXTurnDialog.ui">
      <Filter>Form Files</Filter>
    </CustomBuild>
    <CustomBuild Include="src\CXVirtualKeyboard.ui">
      <Filter>Form Files</Filter>
    </CustomBuild>
  </ItemGroup>
  <ItemGroup>
    <None Include="images\down.png">
      <Filter>Resource Files</Filter>
    </None>
    <None Include="images\open_folder.png">
      <Filter>Resource Files</Filter>
    </None>
    <CustomBuild Include="resource.qrc">
      <Filter>Resource Files</Filter>
    </CustomBuild>
    <None Include="images\up.png">
      <Filter>Resource Files</Filter>
    </None>
  </ItemGroup>
</Project>